
Microsoft Visual Studio Solution File, Format Version 12.00
# Visual Studio Version 16
VisualStudioVersion = 16.0.31105.61
MinimumVisualStudioVersion = 10.0.40219.1
Project("{FAE04EC0-301F-11D3-BF4B-00C04F79EFBC}") = "CursoNetCore", "CursoNetCore.csproj", "{06BE18F6-4D3E-4FD6-A260-1E23FA60AEC4}"
EndProject
Global
	GlobalSection(SolutionConfigurationPlatforms) = preSolution
		Debug|Any CPU = Debug|Any CPU
		Release|Any CPU = Release|Any CPU
	EndGlobalSection
	GlobalSection(ProjectConfigurationPlatforms) = postSolution
		{06BE18F6-4D3E-4FD6-A260-1E23FA60AEC4}.Debug|Any CPU.ActiveCfg = Debug|Any CPU
		{06BE18F6-4D3E-4FD6-A260-1E23FA60AEC4}.Debug|Any CPU.Build.0 = Debug|Any CPU
		{06BE18F6-4D3E-4FD6-A260-1E23FA60AEC4}.Release|Any CPU.ActiveCfg = Release|Any CPU
		{06BE18F6-4D3E-4FD6-A260-1E23FA60AEC4}.Release|Any CPU.Build.0 = Release|Any CPU
	EndGlobalSection
	GlobalSection(SolutionProperties) = preSolution
		HideSolutionNode = FALSE
	EndGlobalSection
	GlobalSection(ExtensibilityGlobals) = postSolution
		SolutionGuid = {425F9973-81B4-4BC9-BEFF-170D2F849C50}
	EndGlobalSection
EndGlobal
